lockfileVersion: '9.0'

settings:
  autoInstallPeers: true
  excludeLinksFromLockfile: false

importers:

  .:
    devDependencies:
      husky:
        specifier: ^9.1.7
        version: 9.1.7
      syncpack:
        specifier: ^14.2.0
        version: 14.2.0

packages:

  husky@9.1.7:
    resolution: {integrity: sha512-5gs5ytaNjBrh5Ow3zrvdUUY+0VxIuWVL4i9irt6friV+BqdCfmV11CQTWMiBYWHbXhco+J1kHfTOUkePhCDvMA==}
    engines: {node: '>=18'}
    hasBin: true

  syncpack-darwin-arm64@14.2.0:
    resolution: {integrity: sha512-+oOucezHzqvUfdRowva3KS4d08H2QSxiPAGrSS3j3zrJJSoscelM5j6fbtXiv9lghNxwAJVPdgXdBO5xGGKA+A==}
    cpu: [arm64]
    os: [darwin]

  syncpack-darwin-x64@14.2.0:
    resolution: {integrity: sha512-l+kR78DeuLWPyHNJvs/Q8W8OgF4PGGqTtYbmCTDoim4v46J8C+moDBsd+7OmHsLC6lMxOetvGz3EYgNpyFGIIg==}
    cpu: [x64]
    os: [darwin]

  syncpack-linux-arm64-musl@14.2.0:
    resolution: {integrity: sha512-xfoTKDl8QoQiHdg393ua50SdayWq/kyrolEylXcoz0FI0mxc76UYmBUKrr/u6XzNRXfb0cgR8s7LrOjwHyHgVA==}
    cpu: [arm64]
    os: [linux]

  syncpack-linux-arm64@14.2.0:
    resolution: {integrity: sha512-SCR+HT8SHU3vvjSWZi8ViSZjGZv2PaI1ak/EqQsH/oz7h6UzR8DITmOUEy+O++r6Ka8zrxloV9FL1HzuZnxFYQ==}
    cpu: [arm64]
    os: [linux]

  syncpack-linux-x64-musl@14.2.0:
    resolution: {integrity: sha512-mC+XuYZ7o4A73Npr3xQ2gByOhKkSEFIDR9tMZ3RP1ShVEosnLYllqHIyRjShPPN777pKMAiDKl3frvAmvOGTbw==}
    cpu: [x64]
    os: [linux]

  syncpack-linux-x64@14.2.0:
    resolution: {integrity: sha512-8GG7OogvlILG+kFcQwS1tGTimK5feqFlxbeh96xNfNsUgX+SDHMyut6UsA4ca16QLl8ru6iqJmBZYur6EISQRg==}
    cpu: [x64]
    os: [linux]

  syncpack-windows-arm64@14.2.0:
    resolution: {integrity: sha512-BsN0jZ7wlVi79SA37H5ynXYlwgpIQzQjEMO6e6ra80V/X5myC4Js4MiudHavtsrCxtuoUq7bDY86rRzyKRoD1g==}
    cpu: [arm64]
    os: [win32]

  syncpack-windows-x64@14.2.0:
    resolution: {integrity: sha512-swrwXueQ438vyB1uJWt3mfho0jUiDT6wJDl3fKfk3BwLPsAARidNnHo4V+uweJ/89aQSGuNN0Xp41klU2N9/jg==}
    cpu: [x64]
    os: [win32]

  syncpack@14.2.0:
    resolution: {integrity: sha512-ZQFEYD6Tq5lwbFkeDM+8ZhNxQlZ6MZcc1TM0KjwI3DpDAm8dWJE5FPlXPGAKtPNvX66MJVueTZPtYwAvBrSQWQ==}
    engines: {node: '>=14.17.0'}
    hasBin: true

snapshots:

  husky@9.1.7: {}

  syncpack-darwin-arm64@14.2.0:
    optional: true

  syncpack-darwin-x64@14.2.0:
    optional: true

  syncpack-linux-arm64-musl@14.2.0:
    optional: true

  syncpack-linux-arm64@14.2.0:
    optional: true

  syncpack-linux-x64-musl@14.2.0:
    optional: true

  syncpack-linux-x64@14.2.0:
    optional: true

  syncpack-windows-arm64@14.2.0:
    optional: true

  syncpack-windows-x64@14.2.0:
    optional: true

  syncpack@14.2.0:
    optionalDependencies:
      syncpack-darwin-arm64: 14.2.0
      syncpack-darwin-x64: 14.2.0
      syncpack-linux-arm64: 14.2.0
      syncpack-linux-arm64-musl: 14.2.0
      syncpack-linux-x64: 14.2.0
      syncpack-linux-x64-musl: 14.2.0
      syncpack-windows-arm64: 14.2.0
      syncpack-windows-x64: 14.2.0
